
Microsoft Visual Studio Solution File, Format Version 12.00
# Visual Studio Version 16
VisualStudioVersion = 16.0.31402.337
MinimumVisualStudioVersion = 10.0.40219.1
Project("{8BC9CEB8-8B4A-11D0-8D11-00A0C91BC942}") = "Server", "Server\Server.vcxproj", "{38B642B2-A1A2-463D-88A0-8D473BCDD48B}"
EndProject
Project("{8BC9CEB8-8B4A-11D0-8D11-00A0C91BC942}") = "UnitTest1", "UnitTest1\UnitTest1.vcxproj", "{37B95FFD-80CB-4A71-A030-1BCDAA820218}"
EndProject
Global
	GlobalSection(SolutionConfigurationPlatforms) = preSolution
		Debug|x64 = Debug|x64
		Debug|x86 = Debug|x86
		Release|x64 = Release|x64
		Release|x86 = Release|x86
	EndGlobalSection
	GlobalSection(ProjectConfigurationPlatforms) = postSolution
		{38B642B2-A1A2-463D-88A0-8D473BCDD48B}.Debug|x64.ActiveCfg = Debug|x64
		{38B642B2-A1A2-463D-88A0-8D473BCDD48B}.Debug|x64.Build.0 = Debug|x64
		{38B642B2-A1A2-463D-88A0-8D473BCDD48B}.Debug|x86.ActiveCfg = Debug|Win32
		{38B642B2-A1A2-463D-88A0-8D473BCDD48B}.Debug|x86.Build.0 = Debug|Win32
		{38B642B2-A1A2-463D-88A0-8D473BCDD48B}.Release|x64.ActiveCfg = Release|x64
		{38B642B2-A1A2-463D-88A0-8D473BCDD48B}.Release|x64.Build.0 = Release|x64
		{38B642B2-A1A2-463D-88A0-8D473BCDD48B}.Release|x86.ActiveCfg = Release|Win32
		{38B642B2-A1A2-463D-88A0-8D473BCDD48B}.Release|x86.Build.0 = Release|Win32
		{37B95FFD-80CB-4A71-A030-1BCDAA820218}.Debug|x64.ActiveCfg = Debug|x64
		{37B95FFD-80CB-4A71-A030-1BCDAA820218}.Debug|x64.Build.0 = Debug|x64
		{37B95FFD-80CB-4A71-A030-1BCDAA820218}.Debug|x86.ActiveCfg = Debug|Win32
		{37B95FFD-80CB-4A71-A030-1BCDAA820218}.Debug|x86.Build.0 = Debug|Win32
		{37B95FFD-80CB-4A71-A030-1BCDAA820218}.Release|x64.ActiveCfg = Release|x64
		{37B95FFD-80CB-4A71-A030-1BCDAA820218}.Release|x64.Build.0 = Release|x64
		{37B95FFD-80CB-4A71-A030-1BCDAA820218}.Release|x86.ActiveCfg = Release|Win32
		{37B95FFD-80CB-4A71-A030-1BCDAA820218}.Release|x86.Build.0 = Release|Win32
	EndGlobalSection
	GlobalSection(SolutionProperties) = preSolution
		HideSolutionNode = FALSE
	EndGlobalSection
	GlobalSection(ExtensibilityGlobals) = postSolution
		SolutionGuid = {B69B489B-7FA9-4B62-B00C-184DE66A9806}
	EndGlobalSection
EndGlobal
